// !$*UTF8*$!
{
	archiveVersion = 1;
	classes = {
	};
	objectVersion = 46;
	objects = {

/* Begin PBXBuildFile section */
		D582ACB91AA5CA8A0011482B /* main.m in Sources */ = {isa = PBXBuildFile; fileRef = D582ACB81AA5CA8A0011482B /* main.m */; };
		D582ACBC1AA5CA8A0011482B /* AppDelegate.m in Sources */ = {isa = PBXBuildFile; fileRef = D582ACBB1AA5CA8A0011482B /* AppDelegate.m */; };
		D582ACBF1AA5CA8A0011482B /* ViewController.m in Sources */ = {isa = PBXBuildFile; fileRef = D582ACBE1AA5CA8A0011482B /* ViewController.m */; };
		D582ACC21AA5CA8A0011482B /* Main.storyboard in Resources */ = {isa = PBXBuildFile; fileRef = D582ACC01AA5CA8A0011482B /* Main.storyboard */; };
		D582ACC41AA5CA8A0011482B /* Images.xcassets in Resources */ = {isa = PBXBuildFile; fileRef = D582ACC31AA5CA8A0011482B /* Images.xcassets */; };
		D582ACC71AA5CA8A0011482B /* LaunchScreen.xib in Resources */ = {isa = PBXBuildFile; fileRef = D582ACC51AA5CA8A0011482B /* LaunchScreen.xib */; };
		D582ACD31AA5CA8A0011482B /* HypnoNerdStuTests.m in Sources */ = {isa = PBXBuildFile; fileRef = D582ACD21AA5CA8A0011482B /* HypnoNerdStuTests.m */; };
/* End PBXBuildFile section */

/* Begin PBXContainerItemProxy section */
		D582ACCD1AA5CA8A0011482B /* PBXContainerItemProxy */ = {
			isa = PBXContainerItemProxy;
			containerPortal = D582ACAB1AA5CA8A0011482B /* Project object */;
			proxyType = 1;
			remoteGlobalIDString = D582ACB21AA5CA8A0011482B;
			remoteInfo = HypnoNerdStu;
		};
/* End PBXContainerItemProxy section */

/* Begin PBXFileReference section */
		D582ACB31AA5CA8A0011482B /* HypnoNerdStu.app */ = {isa = PBXFileReference; explicitFileType = wrapper.application; includeInIndex = 0; path = HypnoNerdStu.app; sourceTree = BUILT_PRODUCTS_DIR; };
		D582ACB71AA5CA8A0011482B /* Info.plist */ = {isa = PBXFileReference; lastKnownFileType = text.plist.xml; path = Info.plist; sourceTree = "<group>"; };
		D582ACB81AA5CA8A0011482B /* main.m */ = {isa = PBXFileReference; lastKnownFileType = sourcecode.c.objc; path = main.m; sourceTree = "<group>"; };
		D582ACBA1AA5CA8A0011482B /* AppDelegate.h */ = {isa = PBXFileReference; lastKnownFileType = sourcecode.c.h; path = AppDelegate.h; sourceTree = "<group>"; };
		D582ACBB1AA5CA8A0011482B /* AppDelegate.m */ = {isa = PBXFileReference; lastKnownFileType = sourcecode.c.objc; path = AppDelegate.m; sourceTree = "<group>"; };
		D582ACBD1AA5CA8A0011482B /* ViewController.h */ = {isa = PBXFileReference; lastKnownFileType = sourcecode.c.h; path = ViewController.h; sourceTree = "<group>"; };
		D582ACBE1AA5CA8A0011482B /* ViewController.m */ = {isa = PBXFileReference; lastKnownFileType = sourcecode.c.objc; path = ViewController.m; sourceTree = "<group>"; };
		D582ACC11AA5CA8A0011482B /* Base */ = {isa = PBXFileReference; lastKnownFileType = file.storyboard; name = Base; path = Base.lproj/Main.storyboard; sourceTree = "<group>"; };
		D582ACC31AA5CA8A0011482B /* Images.xcassets */ = {isa = PBXFileReference; lastKnownFileType = folder.assetcatalog; path = Images.xcassets; sourceTree = "<group>"; };
		D582ACC61AA5CA8A0011482B /* Base */ = {isa = PBXFileReference; lastKnownFileType = file.xib; name = Base; path = Base.lproj/LaunchScreen.xib; sourceTree = "<group>"; };
		D582ACCC1AA5CA8A0011482B /* HypnoNerdStuTests.xctest */ = {isa = PBXFileReference; explicitFileType = wrapper.cfbundle; includeInIndex = 0; path = HypnoNerdStuTests.xctest; sourceTree = BUILT_PRODUCTS_DIR; };
		D582ACD11AA5CA8A0011482B /* Info.plist */ = {isa = PBXFileReference; lastKnownFileType = text.plist.xml; path = Info.plist; sourceTree = "<group>"; };
		D582ACD21AA5CA8A0011482B /* HypnoNerdStuTests.m */ = {isa = PBXFileReference; lastKnownFileType = sourcecode.c.objc; path = HypnoNerdStuTests.m; sourceTree = "<group>"; };
/* End PBXFileReference section */

/* Begin PBXFrameworksBuildPhase section */
		D582ACB01AA5CA8A0011482B /* Frameworks */ = {
			isa = PBXFrameworksBuildPhase;
			buildActionMask = 2147483647;
			files = (
			);
			runOnlyForDeploymentPostprocessing = 0;
		};
		D582ACC91AA5CA8A0011482B /* Frameworks */ = {
			isa = PBXFrameworksBuildPhase;
			buildActionMask = 2147483647;
			files = (
			);
			runOnlyForDeploymentPostprocessing = 0;
		};
/* End PBXFrameworksBuildPhase section */

/* Begin PBXGroup section */
		D582ACAA1AA5CA8A0011482B = {
			isa = PBXGroup;
			children = (
				D582ACB51AA5CA8A0011482B /* HypnoNerdStu */,
				D582ACCF1AA5CA8A0011482B /* HypnoNerdStuTests */,
				D582ACB41AA5CA8A0011482B /* Products */,
			);
			sourceTree = "<group>";
		};
		D582ACB41AA5CA8A0011482B /* Products */ = {
			isa = PBXGroup;
			children = (
				D582ACB31AA5CA8A0011482B /* HypnoNerdStu.app */,
				D582ACCC1AA5CA8A0011482B /* HypnoNerdStuTests.xctest */,
			);
			name = Products;
			sourceTree = "<group>";
		};
		D582ACB51AA5CA8A0011482B /* HypnoNerdStu */ = {
			isa = PBXGroup;
			children = (
				D582ACBA1AA5CA8A0011482B /* AppDelegate.h */,
				D582ACBB1AA5CA8A0011482B /* AppDelegate.m */,
				D582ACBD1AA5CA8A0011482B /* ViewController.h */,
				D582ACBE1AA5CA8A0011482B /* ViewController.m */,
				D582ACC01AA5CA8A0011482B /* Main.storyboard */,
				D582ACC31AA5CA8A0011482B /* Images.xcassets */,
				D582ACC51AA5CA8A0011482B /* LaunchScreen.xib */,
				D582ACB61AA5CA8A0011482B /* Supporting Files */,
			);
			path = HypnoNerdStu;
			sourceTree = "<group>";
		};
		D582ACB61AA5CA8A0011482B /* Supporting Files */ = {
			isa = PBXGroup;
			children = (
				D582ACB71AA5CA8A0011482B /* Info.plist */,
				D582ACB81AA5CA8A0011482B /* main.m */,
			);
			name = "Supporting Files";
			sourceTree = "<group>";
		};
		D582ACCF1AA5CA8A0011482B /* HypnoNerdStuTests */ = {
			isa = PBXGroup;
			children = (
				D582ACD21AA5CA8A0011482B /* HypnoNerdStuTests.m */,
				D582ACD01AA5CA8A0011482B /* Supporting Files */,
			);
			path = HypnoNerdStuTests;
			sourceTree = "<group>";
		};
		D582ACD01AA5CA8A0011482B /* Supporting Files */ = {
			isa = PBXGroup;
			children = (
				D582ACD11AA5CA8A0011482B /* Info.plist */,
			);
			name = "Supporting Files";
			sourceTree = "<group>";
		};
/* End PBXGroup section */

/* Begin PBXNativeTarget section */
		D582ACB21AA5CA8A0011482B /* HypnoNerdStu */ = {
			isa = PBXNativeTarget;
			buildConfigurationList = D582ACD61AA5CA8A0011482B /* Build configuration list for PBXNativeTarget "HypnoNerdStu" */;
			buildPhases = (
				D582ACAF1AA5CA8A0011482B /* Sources */,
				D582ACB01AA5CA8A0011482B /* Frameworks */,
				D582ACB11AA5CA8A0011482B /* Resources */,
			);
			buildRules = (
			);
			dependencies = (
			);
			name = HypnoNerdStu;
			productName = HypnoNerdStu;
			productReference = D582ACB31AA5CA8A0011482B /* HypnoNerdStu.app */;
			productType = "com.apple.product-type.application";
		};
		D582ACCB1AA5CA8A0011482B /* HypnoNerdStuTests */ = {
			isa = PBXNativeTarget;
			buildConfigurationList = D582ACD91AA5CA8A0011482B /* Build configuration list for PBXNativeTarget "HypnoNerdStuTests" */;
			buildPhases = (
				D582ACC81AA5CA8A0011482B /* Sources */,
				D582ACC91AA5CA8A0011482B /* Frameworks */,
				D582ACCA1AA5CA8A0011482B /* Resources */,
			);
			buildRules = (
			);
			dependencies = (
				D582ACCE1AA5CA8A0011482B /* PBXTargetDependency */,
			);
			name = HypnoNerdStuTests;
			productName = HypnoNerdStuTests;
			productReference = D582ACCC1AA5CA8A0011482B /* HypnoNerdStuTests.xctest */;
			productType = "com.apple.product-type.bundle.unit-test";
		};
/* End PBXNativeTarget section */

/* Begin PBXProject section */
		D582ACAB1AA5CA8A0011482B /* Project object */ = {
			isa = PBXProject;
			attributes = {
				LastUpgradeCheck = 0610;
				ORGANIZATIONNAME = "Big Nerd Ranch Stu";
				TargetAttributes = {
					D582ACB21AA5CA8A0011482B = {
						CreatedOnToolsVersion = 6.1.1;
					};
					D582ACCB1AA5CA8A0011482B = {
						CreatedOnToolsVersion = 6.1.1;
						TestTargetID = D582ACB21AA5CA8A0011482B;
					};
				};
			};
			buildConfigurationList = D582ACAE1AA5CA8A0011482B /* Build configuration list for PBXProject "HypnoNerdStu" */;
			compatibilityVersion = "Xcode 3.2";
			developmentRegion = English;
			hasScannedForEncodings = 0;
			knownRegions = (
				en,
				Base,
			);
			mainGroup = D582ACAA1AA5CA8A0011482B;
			productRefGroup = D582ACB41AA5CA8A0011482B /* Products */;
			projectDirPath = "";
			projectRoot = "";
			targets = (
				D582ACB21AA5CA8A0011482B /* HypnoNerdStu */,
				D582ACCB1AA5CA8A0011482B /* HypnoNerdStuTests */,
			);
		};
/* End PBXProject section */

/* Begin PBXResourcesBuildPhase section */
		D582ACB11AA5CA8A0011482B /* Resources */ = {
			isa = PBXResourcesBuildPhase;
			buildActionMask = 2147483647;
			files = (
				D582ACC21AA5CA8A0011482B /* Main.storyboard in Resources */,
				D582ACC71AA5CA8A0011482B /* LaunchScreen.xib in Resources */,
				D582ACC41AA5CA8A0011482B /* Images.xcassets in Resources */,
			);
			runOnlyForDeploymentPostprocessing = 0;
		};
		D582ACCA1AA5CA8A0011482B /* Resources */ = {
			isa = PBXResourcesBuildPhase;
			buildActionMask = 2147483647;
			files = (
			);
			runOnlyForDeploymentPostprocessing = 0;
		};
/* End PBXResourcesBuildPhase section */

/* Begin PBXSourcesBuildPhase section */
		D582ACAF1AA5CA8A0011482B /* Sources */ = {
			isa = PBXSourcesBuildPhase;
			buildActionMask = 2147483647;
			files = (
				D582ACBF1AA5CA8A0011482B /* ViewController.m in Sources */,
				D582ACBC1AA5CA8A0011482B /* AppDelegate.m in Sources */,
				D582ACB91AA5CA8A0011482B /* main.m in Sources */,
			);
			runOnlyForDeploymentPostprocessing = 0;
		};
		D582ACC81AA5CA8A0011482B /* Sources */ = {
			isa = PBXSourcesBuildPhase;
			buildActionMask = 2147483647;
			files = (
				D582ACD31AA5CA8A0011482B /* HypnoNerdStuTests.m in Sources */,
			);
			runOnlyForDeploymentPostprocessing = 0;
		};
/* End PBXSourcesBuildPhase section */

/* Begin PBXTargetDependency section */
		D582ACCE1AA5CA8A0011482B /* PBXTargetDependency */ = {
			isa = PBXTargetDependency;
			target = D582ACB21AA5CA8A0011482B /* HypnoNerdStu */;
			targetProxy = D582ACCD1AA5CA8A0011482B /* PBXContainerItemProxy */;
		};
/* End PBXTargetDependency section */

/* Begin PBXVariantGroup section */
		D582ACC01AA5CA8A0011482B /* Main.storyboard */ = {
			isa = PBXVariantGroup;
			children = (
				D582ACC11AA5CA8A0011482B /* Base */,
			);
			name = Main.storyboard;
			sourceTree = "<group>";
		};
		D582ACC51AA5CA8A0011482B /* LaunchScreen.xib */ = {
			isa = PBXVariantGroup;
			children = (
				D582ACC61AA5CA8A0011482B /* Base */,
			);
			name = LaunchScreen.xib;
			sourceTree = "<group>";
		};
/* End PBXVariantGroup section */

/* Begin XCBuildConfiguration section */
		D582ACD41AA5CA8A0011482B /* Debug */ = {
			isa = XCBuildConfiguration;
			buildSettings = {
				ALWAYS_SEARCH_USER_PATHS = NO;
				CLANG_CXX_LANGUAGE_STANDARD = "gnu++0x";
				CLANG_CXX_LIBRARY = "libc++";
				CLANG_ENABLE_MODULES = YES;
				CLANG_ENABLE_OBJC_ARC = YES;
				CLANG_WARN_BOOL_CONVERSION = YES;
				CLANG_WARN_CONSTANT_CONVERSION = YES;
				CLANG_WARN_DIRECT_OBJC_ISA_USAGE = YES_ERROR;
				CLANG_WARN_EMPTY_BODY = YES;
				CLANG_WARN_ENUM_CONVERSION = YES;
				CLANG_WARN_INT_CONVERSION = YES;
				CLANG_WARN_OBJC_ROOT_CLASS = YES_ERROR;
				CLANG_WARN_UNREACHABLE_CODE = YES;
				CLANG_WARN__DUPLICATE_METHOD_MATCH = YES;
				"CODE_SIGN_IDENTITY[sdk=iphoneos*]" = "iPhone Developer";
				COPY_PHASE_STRIP = NO;
				ENABLE_STRICT_OBJC_MSGSEND = YES;
				GCC_C_LANGUAGE_STANDARD = gnu99;
				GCC_DYNAMIC_NO_PIC = NO;
				GCC_OPTIMIZATION_LEVEL = 0;
				GCC_PREPROCESSOR_DEFINITIONS = (
					"DEBUG=1",
					"$(inherited)",
				);
				GCC_SYMBOLS_PRIVATE_EXTERN = NO;
				GCC_WARN_64_TO_32_BIT_CONVERSION = YES;
				GCC_WARN_ABOUT_RETURN_TYPE = YES_ERROR;
				GCC_WARN_UNDECLARED_SELECTOR = YES;
				GCC_WARN_UNINITIALIZED_AUTOS = YES_AGGRESSIVE;
				GCC_WARN_UNUSED_FUNCTION = YES;
				GCC_WARN_UNUSED_VARIABLE = YES;
				IPHONEOS_DEPLOYMENT_TARGET = 8.1;
				MTL_ENABLE_DEBUG_INFO = YES;
				ONLY_ACTIVE_ARCH = YES;
				SDKROOT = iphoneos;
			};
			name = Debug;
		};
		D582ACD51AA5CA8A0011482B /* Release */ = {
			isa = XCBuildConfiguration;
			buildSettings = {
				ALWAYS_SEARCH_USER_PATHS = NO;
				CLANG_CXX_LANGUAGE_STANDARD = "gnu++0x";
				CLANG_CXX_LIBRARY = "libc++";
				CLANG_ENABLE_MODULES = YES;
				CLANG_ENABLE_OBJC_ARC = YES;
				CLANG_WARN_BOOL_CONVERSION = YES;
				CLANG_WARN_CONSTANT_CONVERSION = YES;
				CLANG_WARN_DIRECT_OBJC_ISA_USAGE = YES_ERROR;
				CLANG_WARN_EMPTY_BODY = YES;
				CLANG_WARN_ENUM_CONVERSION = YES;
				CLANG_WARN_INT_CONVERSION = YES;
				CLANG_WARN_OBJC_ROOT_CLASS = YES_ERROR;
				CLANG_WARN_UNREACHABLE_CODE = YES;
				CLANG_WARN__DUPLICATE_METHOD_MATCH = YES;
				"CODE_SIGN_IDENTITY[sdk=iphoneos*]" = "iPhone Developer";
				COPY_PHASE_STRIP = YES;
				ENABLE_NS_ASSERTIONS = NO;
				ENABLE_STRICT_OBJC_MSGSEND = YES;
				GCC_C_LANGUAGE_STANDARD = gnu99;
				GCC_WARN_64_TO_32_BIT_CONVERSION = YES;
				GCC_WARN_ABOUT_RETURN_TYPE = YES_ERROR;
				GCC_WARN_UNDECLARED_SELECTOR = YES;
				GCC_WARN_UNINITIALIZED_AUTOS = YES_AGGRESSIVE;
				GCC_WARN_UNUSED_FUNCTION = YES;
				GCC_WARN_UNUSED_VARIABLE = YES;
				IPHONEOS_DEPLOYMENT_TARGET = 8.1;
				MTL_ENABLE_DEBUG_INFO = NO;
				SDKROOT = iphoneos;
				VALIDATE_PRODUCT = YES;
			};
			name = Release;
		};
		D582ACD71AA5CA8A0011482B /* Debug */ = {
			isa = XCBuildConfiguration;
			buildSettings = {
				ASSETCATALOG_COMPILER_APPICON_NAME = AppIcon;
				INFOPLIST_FILE = HypnoNerdStu/Info.plist;
				LD_RUNPATH_SEARCH_PATHS = "$(inherited) @executable_path/Frameworks";
				PRODUCT_NAME = "$(TARGET_NAME)";
			};
			name = Debug;
		};
		D582ACD81AA5CA8A0011482B /* Release */ = {
			isa = XCBuildConfiguration;
			buildSettings = {
				ASSETCATALOG_COMPILER_APPICON_NAME = AppIcon;
				INFOPLIST_FILE = HypnoNerdStu/Info.plist;
				LD_RUNPATH_SEARCH_PATHS = "$(inherited) @executable_path/Frameworks";
				PRODUCT_NAME = "$(TARGET_NAME)";
			};
			name = Release;
		};
		D582ACDA1AA5CA8A0011482B /* Debug */ = {
			isa = XCBuildConfiguration;
			buildSettings = {
				BUNDLE_LOADER = "$(TEST_HOST)";
				FRAMEWORK_SEARCH_PATHS = (
					"$(SDKROOT)/Developer/Library/Frameworks",
					"$(inherited)",
				);
				GCC_PREPROCESSOR_DEFINITIONS = (
					"DEBUG=1",
					"$(inherited)",
				);
				INFOPLIST_FILE = HypnoNerdStuTests/Info.plist;
				LD_RUNPATH_SEARCH_PATHS = "$(inherited) @executable_path/Frameworks @loader_path/Frameworks";
				PRODUCT_NAME = "$(TARGET_NAME)";
				TEST_HOST = "$(BUILT_PRODUCTS_DIR)/HypnoNerdStu.app/HypnoNerdStu";
			};
			name = Debug;
		};
		D582ACDB1AA5CA8A0011482B /* Release */ = {
			isa = XCBuildConfiguration;
			buildSettings = {
				BUNDLE_LOADER = "$(TEST_HOST)";
				FRAMEWORK_SEARCH_PATHS = (
					"$(SDKROOT)/Developer/Library/Frameworks",
					"$(inherited)",
				);
				INFOPLIST_FILE = HypnoNerdStuTests/Info.plist;
				LD_RUNPATH_SEARCH_PATHS = "$(inherited) @executable_path/Frameworks @loader_path/Frameworks";
				PRODUCT_NAME = "$(TARGET_NAME)";
				TEST_HOST = "$(BUILT_PRODUCTS_DIR)/HypnoNerdStu.app/HypnoNerdStu";
			};
			name = Release;
		};
/* End XCBuildConfiguration section */

/* Begin XCConfigurationList section */
		D582ACAE1AA5CA8A0011482B /* Build configuration list for PBXProject "HypnoNerdStu" */ = {
			isa = XCConfigurationList;
			buildConfigurations = (
				D582ACD41AA5CA8A0011482B /* Debug */,
				D582ACD51AA5CA8A0011482B /* Release */,
			);
			defaultConfigurationIsVisible = 0;
			defaultConfigurationName = Release;
		};
		D582ACD61AA5CA8A0011482B /* Build configuration list for PBXNativeTarget "HypnoNerdStu" */ = {
			isa = XCConfigurationList;
			buildConfigurations = (
				D582ACD71AA5CA8A0011482B /* Debug */,
				D582ACD81AA5CA8A0011482B /* Release */,
			);
			defaultConfigurationIsVisible = 0;
		};
		D582ACD91AA5CA8A0011482B /* Build configuration list for PBXNativeTarget "HypnoNerdStuTests" */ = {
			isa = XCConfigurationList;
			buildConfigurations = (
				D582ACDA1AA5CA8A0011482B /* Debug */,
				D582ACDB1AA5CA8A0011482B /* Release */,
			);
			defaultConfigurationIsVisible = 0;
		};
/* End XCConfigurationList section */
	};
	rootObject = D582ACAB1AA5CA8A0011482B /* Project object */;
}
